
Microsoft Visual Studio Solution File, Format Version 12.00
# Visual Studio Version 16
VisualStudioVersion = 16.0.31025.194
MinimumVisualStudioVersion = 10.0.40219.1
Project("{9A19103F-16F7-4668-BE54-9A1E7A4F7556}") = "Adventure.API", "Adventure.API\Adventure.API.csproj", "{318349C4-E3F9-4F36-B33B-EA7EC568590A}"
EndProject
Project("{9A19103F-16F7-4668-BE54-9A1E7A4F7556}") = "Adventure.Domain", "Adventure.Domain\Adventure.Domain.csproj", "{9559AF3E-B727-47EB-8DEA-63DD31640FD8}"
EndProject
Project("{9A19103F-16F7-4668-BE54-9A1E7A4F7556}") = "Adventure.Infrastructure", "Adventure.Infrastructure\Adventure.Infrastructure.csproj", "{B7CEB7C4-60A6-4B84-AF67-935A6379F734}"
EndProject
Project("{FAE04EC0-301F-11D3-BF4B-00C04F79EFBC}") = "Adventure.Test", "Adventure.Test\Adventure.Test.csproj", "{68A4A6AC-A7A0-4779-A5B6-56B0D903D399}"
EndProject
Global
	GlobalSection(SolutionConfigurationPlatforms) = preSolution
		Debug|Any CPU = Debug|Any CPU
		Release|Any CPU = Release|Any CPU
	EndGlobalSection
	GlobalSection(ProjectConfigurationPlatforms) = postSolution
		{318349C4-E3F9-4F36-B33B-EA7EC568590A}.Debug|Any CPU.ActiveCfg = Debug|Any CPU
		{318349C4-E3F9-4F36-B33B-EA7EC568590A}.Debug|Any CPU.Build.0 = Debug|Any CPU
		{318349C4-E3F9-4F36-B33B-EA7EC568590A}.Release|Any CPU.ActiveCfg = Release|Any CPU
		{318349C4-E3F9-4F36-B33B-EA7EC568590A}.Release|Any CPU.Build.0 = Release|Any CPU
		{9559AF3E-B727-47EB-8DEA-63DD31640FD8}.Debug|Any CPU.ActiveCfg = Debug|Any CPU
		{9559AF3E-B727-47EB-8DEA-63DD31640FD8}.Debug|Any CPU.Build.0 = Debug|Any CPU
		{9559AF3E-B727-47EB-8DEA-63DD31640FD8}.Release|Any CPU.ActiveCfg = Release|Any CPU
		{9559AF3E-B727-47EB-8DEA-63DD31640FD8}.Release|Any CPU.Build.0 = Release|Any CPU
		{B7CEB7C4-60A6-4B84-AF67-935A6379F734}.Debug|Any CPU.ActiveCfg = Debug|Any CPU
		{B7CEB7C4-60A6-4B84-AF67-935A6379F734}.Debug|Any CPU.Build.0 = Debug|Any CPU
		{B7CEB7C4-60A6-4B84-AF67-935A6379F734}.Release|Any CPU.ActiveCfg = Release|Any CPU
		{B7CEB7C4-60A6-4B84-AF67-935A6379F734}.Release|Any CPU.Build.0 = Release|Any CPU
		{68A4A6AC-A7A0-4779-A5B6-56B0D903D399}.Debug|Any CPU.ActiveCfg = Debug|Any CPU
		{68A4A6AC-A7A0-4779-A5B6-56B0D903D399}.Debug|Any CPU.Build.0 = Debug|Any CPU
		{68A4A6AC-A7A0-4779-A5B6-56B0D903D399}.Release|Any CPU.ActiveCfg = Release|Any CPU
		{68A4A6AC-A7A0-4779-A5B6-56B0D903D399}.Release|Any CPU.Build.0 = Release|Any CPU
	EndGlobalSection
	GlobalSection(SolutionProperties) = preSolution
		HideSolutionNode = FALSE
	EndGlobalSection
	GlobalSection(ExtensibilityGlobals) = postSolution
		SolutionGuid = {145BBD99-B43D-492E-9EA3-9F9591C9E0BB}
	EndGlobalSection
EndGlobal
